
Microsoft Visual Studio Solution File, Format Version 11.00
# Visual Studio 2010
Project("{F2A71F9B-5D33-465A-A702-920D77279786}") = "Lib", "Lib.fsproj", "{5ED2E73F-9FA2-4BF3-8E28-77C5A0E2E292}"
EndProject
Project("{F2A71F9B-5D33-465A-A702-920D77279786}") = "Xbox 360 Copy of XNAUtils", "..\..\..\XNAUtils\Xbox 360 Copy of XNAUtils.fsproj", "{36BDD2EF-E695-4BB9-9EE2-3C1E33EF2D0B}"
EndProject
Global
	GlobalSection(SolutionConfigurationPlatforms) = preSolution
		Debug|Xbox 360 = Debug|Xbox 360
		Release|Xbox 360 = Release|Xbox 360
	EndGlobalSection
	GlobalSection(ProjectConfigurationPlatforms) = postSolution
		{5ED2E73F-9FA2-4BF3-8E28-77C5A0E2E292}.Debug|Xbox 360.ActiveCfg = Debug|Xbox 360
		{5ED2E73F-9FA2-4BF3-8E28-77C5A0E2E292}.Debug|Xbox 360.Build.0 = Debug|Xbox 360
		{5ED2E73F-9FA2-4BF3-8E28-77C5A0E2E292}.Release|Xbox 360.ActiveCfg = Release|Xbox 360
		{5ED2E73F-9FA2-4BF3-8E28-77C5A0E2E292}.Release|Xbox 360.Build.0 = Release|Xbox 360
		{36BDD2EF-E695-4BB9-9EE2-3C1E33EF2D0B}.Debug|Xbox 360.ActiveCfg = Debug|Xbox 360
		{36BDD2EF-E695-4BB9-9EE2-3C1E33EF2D0B}.Debug|Xbox 360.Build.0 = Debug|Xbox 360
		{36BDD2EF-E695-4BB9-9EE2-3C1E33EF2D0B}.Release|Xbox 360.ActiveCfg = Release|Xbox 360
		{36BDD2EF-E695-4BB9-9EE2-3C1E33EF2D0B}.Release|Xbox 360.Build.0 = Release|Xbox 360
	EndGlobalSection
	GlobalSection(SolutionProperties) = preSolution
		HideSolutionNode = FALSE
	EndGlobalSection
EndGlobal
