
Microsoft Visual Studio Solution File, Format Version 11.00
# Visual Studio 2010
Project("{FAE04EC0-301F-11D3-BF4B-00C04F79EFBC}") = "Windows Copy of CoopMultitaskingSample", "CoopMultitaskingSample\CoopMultitaskingSample\Windows Copy of CoopMultitaskingSample.csproj", "{50ECDB00-34D0-4505-B641-8A4B40320780}"
EndProject
Project("{FAE04EC0-301F-11D3-BF4B-00C04F79EFBC}") = "CoopMultitaskingSampleContent", "CoopMultitaskingSample\CoopMultitaskingSampleContent\CoopMultitaskingSampleContent.contentproj", "{26A3D848-A9F8-4FB3-AA7C-64DC62AD0CFF}"
EndProject
Project("{F2A71F9B-5D33-465A-A702-920D77279786}") = "XNAUtils", "..\XNAUtils\XNAUtils.fsproj", "{EBFAB7EB-FF0B-4DE3-842B-BAB06DCD3D42}"
EndProject
Project("{F2A71F9B-5D33-465A-A702-920D77279786}") = "XnaReplacementWindows", "..\XnaReplacementWindows\XnaReplacementWindows.fsproj", "{C4ADE1CD-AFAC-4458-A0B9-72A3C621DF79}"
EndProject
Project("{F2A71F9B-5D33-465A-A702-920D77279786}") = "LibWinPC", "CoopMultitaskingSample\Lib\LibWinPC.fsproj", "{B9112F44-BB4D-4434-82D6-1E3854A2AE02}"
EndProject
Global
	GlobalSection(SolutionConfigurationPlatforms) = preSolution
		Debug|Any CPU = Debug|Any CPU
		Debug|Mixed Platforms = Debug|Mixed Platforms
		Debug|x86 = Debug|x86
		Debug|Xbox 360 = Debug|Xbox 360
		Release|Any CPU = Release|Any CPU
		Release|Mixed Platforms = Release|Mixed Platforms
		Release|x86 = Release|x86
		Release|Xbox 360 = Release|Xbox 360
	EndGlobalSection
	GlobalSection(ProjectConfigurationPlatforms) = postSolution
		{50ECDB00-34D0-4505-B641-8A4B40320780}.Debug|Any CPU.ActiveCfg = Debug|x86
		{50ECDB00-34D0-4505-B641-8A4B40320780}.Debug|Mixed Platforms.ActiveCfg = Debug|x86
		{50ECDB00-34D0-4505-B641-8A4B40320780}.Debug|Mixed Platforms.Build.0 = Debug|x86
		{50ECDB00-34D0-4505-B641-8A4B40320780}.Debug|x86.ActiveCfg = Debug|x86
		{50ECDB00-34D0-4505-B641-8A4B40320780}.Debug|x86.Build.0 = Debug|x86
		{50ECDB00-34D0-4505-B641-8A4B40320780}.Debug|Xbox 360.ActiveCfg = Debug|x86
		{50ECDB00-34D0-4505-B641-8A4B40320780}.Release|Any CPU.ActiveCfg = Release|x86
		{50ECDB00-34D0-4505-B641-8A4B40320780}.Release|Mixed Platforms.ActiveCfg = Release|x86
		{50ECDB00-34D0-4505-B641-8A4B40320780}.Release|Mixed Platforms.Build.0 = Release|x86
		{50ECDB00-34D0-4505-B641-8A4B40320780}.Release|x86.ActiveCfg = Release|x86
		{50ECDB00-34D0-4505-B641-8A4B40320780}.Release|x86.Build.0 = Release|x86
		{50ECDB00-34D0-4505-B641-8A4B40320780}.Release|Xbox 360.ActiveCfg = Release|x86
		{26A3D848-A9F8-4FB3-AA7C-64DC62AD0CFF}.Debug|Any CPU.ActiveCfg = Debug|Xbox 360
		{26A3D848-A9F8-4FB3-AA7C-64DC62AD0CFF}.Debug|Mixed Platforms.ActiveCfg = Debug|Xbox 360
		{26A3D848-A9F8-4FB3-AA7C-64DC62AD0CFF}.Debug|x86.ActiveCfg = Debug|Xbox 360
		{26A3D848-A9F8-4FB3-AA7C-64DC62AD0CFF}.Debug|Xbox 360.ActiveCfg = Debug|Xbox 360
		{26A3D848-A9F8-4FB3-AA7C-64DC62AD0CFF}.Release|Any CPU.ActiveCfg = Release|Xbox 360
		{26A3D848-A9F8-4FB3-AA7C-64DC62AD0CFF}.Release|Mixed Platforms.ActiveCfg = Release|Xbox 360
		{26A3D848-A9F8-4FB3-AA7C-64DC62AD0CFF}.Release|x86.ActiveCfg = Release|Xbox 360
		{26A3D848-A9F8-4FB3-AA7C-64DC62AD0CFF}.Release|Xbox 360.ActiveCfg = Release|Xbox 360
		{EBFAB7EB-FF0B-4DE3-842B-BAB06DCD3D42}.Debug|Any CPU.ActiveCfg = Debug|Any CPU
		{EBFAB7EB-FF0B-4DE3-842B-BAB06DCD3D42}.Debug|Any CPU.Build.0 = Debug|Any CPU
		{EBFAB7EB-FF0B-4DE3-842B-BAB06DCD3D42}.Debug|Mixed Platforms.ActiveCfg = Debug|x86
		{EBFAB7EB-FF0B-4DE3-842B-BAB06DCD3D42}.Debug|Mixed Platforms.Build.0 = Debug|x86
		{EBFAB7EB-FF0B-4DE3-842B-BAB06DCD3D42}.Debug|x86.ActiveCfg = Debug|x86
		{EBFAB7EB-FF0B-4DE3-842B-BAB06DCD3D42}.Debug|x86.Build.0 = Debug|x86
		{EBFAB7EB-FF0B-4DE3-842B-BAB06DCD3D42}.Debug|Xbox 360.ActiveCfg = Debug|x86
		{EBFAB7EB-FF0B-4DE3-842B-BAB06DCD3D42}.Release|Any CPU.ActiveCfg = Release|Any CPU
		{EBFAB7EB-FF0B-4DE3-842B-BAB06DCD3D42}.Release|Any CPU.Build.0 = Release|Any CPU
		{EBFAB7EB-FF0B-4DE3-842B-BAB06DCD3D42}.Release|Mixed Platforms.ActiveCfg = Release|x86
		{EBFAB7EB-FF0B-4DE3-842B-BAB06DCD3D42}.Release|Mixed Platforms.Build.0 = Release|x86
		{EBFAB7EB-FF0B-4DE3-842B-BAB06DCD3D42}.Release|x86.ActiveCfg = Release|x86
		{EBFAB7EB-FF0B-4DE3-842B-BAB06DCD3D42}.Release|x86.Build.0 = Release|x86
		{EBFAB7EB-FF0B-4DE3-842B-BAB06DCD3D42}.Release|Xbox 360.ActiveCfg = Release|x86
		{C4ADE1CD-AFAC-4458-A0B9-72A3C621DF79}.Debug|Any CPU.ActiveCfg = Debug|Any CPU
		{C4ADE1CD-AFAC-4458-A0B9-72A3C621DF79}.Debug|Any CPU.Build.0 = Debug|Any CPU
		{C4ADE1CD-AFAC-4458-A0B9-72A3C621DF79}.Debug|Mixed Platforms.ActiveCfg = Debug|Any CPU
		{C4ADE1CD-AFAC-4458-A0B9-72A3C621DF79}.Debug|Mixed Platforms.Build.0 = Debug|Any CPU
		{C4ADE1CD-AFAC-4458-A0B9-72A3C621DF79}.Debug|x86.ActiveCfg = Debug|Any CPU
		{C4ADE1CD-AFAC-4458-A0B9-72A3C621DF79}.Debug|Xbox 360.ActiveCfg = Debug|Any CPU
		{C4ADE1CD-AFAC-4458-A0B9-72A3C621DF79}.Release|Any CPU.ActiveCfg = Release|Any CPU
		{C4ADE1CD-AFAC-4458-A0B9-72A3C621DF79}.Release|Any CPU.Build.0 = Release|Any CPU
		{C4ADE1CD-AFAC-4458-A0B9-72A3C621DF79}.Release|Mixed Platforms.ActiveCfg = Release|Any CPU
		{C4ADE1CD-AFAC-4458-A0B9-72A3C621DF79}.Release|Mixed Platforms.Build.0 = Release|Any CPU
		{C4ADE1CD-AFAC-4458-A0B9-72A3C621DF79}.Release|x86.ActiveCfg = Release|Any CPU
		{C4ADE1CD-AFAC-4458-A0B9-72A3C621DF79}.Release|Xbox 360.ActiveCfg = Release|Any CPU
		{B9112F44-BB4D-4434-82D6-1E3854A2AE02}.Debug|Any CPU.ActiveCfg = Debug|Any CPU
		{B9112F44-BB4D-4434-82D6-1E3854A2AE02}.Debug|Any CPU.Build.0 = Debug|Any CPU
		{B9112F44-BB4D-4434-82D6-1E3854A2AE02}.Debug|Mixed Platforms.ActiveCfg = Debug|Any CPU
		{B9112F44-BB4D-4434-82D6-1E3854A2AE02}.Debug|Mixed Platforms.Build.0 = Debug|Any CPU
		{B9112F44-BB4D-4434-82D6-1E3854A2AE02}.Debug|x86.ActiveCfg = Debug|Any CPU
		{B9112F44-BB4D-4434-82D6-1E3854A2AE02}.Debug|Xbox 360.ActiveCfg = Debug|Any CPU
		{B9112F44-BB4D-4434-82D6-1E3854A2AE02}.Release|Any CPU.ActiveCfg = Release|Any CPU
		{B9112F44-BB4D-4434-82D6-1E3854A2AE02}.Release|Any CPU.Build.0 = Release|Any CPU
		{B9112F44-BB4D-4434-82D6-1E3854A2AE02}.Release|Mixed Platforms.ActiveCfg = Release|Any CPU
		{B9112F44-BB4D-4434-82D6-1E3854A2AE02}.Release|Mixed Platforms.Build.0 = Release|Any CPU
		{B9112F44-BB4D-4434-82D6-1E3854A2AE02}.Release|x86.ActiveCfg = Release|Any CPU
		{B9112F44-BB4D-4434-82D6-1E3854A2AE02}.Release|Xbox 360.ActiveCfg = Release|Any CPU
	EndGlobalSection
	GlobalSection(SolutionProperties) = preSolution
		HideSolutionNode = FALSE
	EndGlobalSection
EndGlobal
